
Microsoft Visual Studio Solution File, Format Version 12.00
# Visual Studio Version 17
VisualStudioVersion = 17.11.35303.130
MinimumVisualStudioVersion = 10.0.40219.1
Project("{2150E333-8FDC-42A3-9474-1A3956D46DE8}") = "src", "src", "{24B822BA-6864-4E09-9167-9D95791DEF59}"
EndProject
Project("{FAE04EC0-301F-11D3-BF4B-00C04F79EFBC}") = "TG.ECommerce.Shared", "src\TG.ECommerce.Shared\TG.ECommerce.Shared.csproj", "{934DB1D8-F9D5-4EB9-9D10-4EADFED1E7A9}"
EndProject
Project("{FAE04EC0-301F-11D3-BF4B-00C04F79EFBC}") = "TG.ECommerce.Domain", "src\TG.ECommerce.Domain\TG.ECommerce.Domain.csproj", "{2CACA2B8-07AF-4E3F-961A-6F0019EAD5C7}"
EndProject
Project("{FAE04EC0-301F-11D3-BF4B-00C04F79EFBC}") = "TG.ECommerce.Application", "src\TG.ECommerce.Application\TG.ECommerce.Application.csproj", "{2032656C-E09B-47DC-A56A-3C67D3777FC8}"
EndProject
Project("{2150E333-8FDC-42A3-9474-1A3956D46DE8}") = "Infrastructure", "Infrastructure", "{CC2F32CE-82FE-4846-99AC-6B83F0899D37}"
EndProject
Project("{FAE04EC0-301F-11D3-BF4B-00C04F79EFBC}") = "TG.ECommerce.Infrastructure.EFCore", "src\Infrastructure\TG.ECommerce.Infrastructure.EFCore\TG.ECommerce.Infrastructure.EFCore.csproj", "{47500095-5016-4851-8FC4-B69446DBE3E7}"
EndProject
Global
	GlobalSection(SolutionConfigurationPlatforms) = preSolution
		Debug|Any CPU = Debug|Any CPU
		Release|Any CPU = Release|Any CPU
	EndGlobalSection
	GlobalSection(ProjectConfigurationPlatforms) = postSolution
		{934DB1D8-F9D5-4EB9-9D10-4EADFED1E7A9}.Debug|Any CPU.ActiveCfg = Debug|Any CPU
		{934DB1D8-F9D5-4EB9-9D10-4EADFED1E7A9}.Debug|Any CPU.Build.0 = Debug|Any CPU
		{934DB1D8-F9D5-4EB9-9D10-4EADFED1E7A9}.Release|Any CPU.ActiveCfg = Release|Any CPU
		{934DB1D8-F9D5-4EB9-9D10-4EADFED1E7A9}.Release|Any CPU.Build.0 = Release|Any CPU
		{2CACA2B8-07AF-4E3F-961A-6F0019EAD5C7}.Debug|Any CPU.ActiveCfg = Debug|Any CPU
		{2CACA2B8-07AF-4E3F-961A-6F0019EAD5C7}.Debug|Any CPU.Build.0 = Debug|Any CPU
		{2CACA2B8-07AF-4E3F-961A-6F0019EAD5C7}.Release|Any CPU.ActiveCfg = Release|Any CPU
		{2CACA2B8-07AF-4E3F-961A-6F0019EAD5C7}.Release|Any CPU.Build.0 = Release|Any CPU
		{2032656C-E09B-47DC-A56A-3C67D3777FC8}.Debug|Any CPU.ActiveCfg = Debug|Any CPU
		{2032656C-E09B-47DC-A56A-3C67D3777FC8}.Debug|Any CPU.Build.0 = Debug|Any CPU
		{2032656C-E09B-47DC-A56A-3C67D3777FC8}.Release|Any CPU.ActiveCfg = Release|Any CPU
		{2032656C-E09B-47DC-A56A-3C67D3777FC8}.Release|Any CPU.Build.0 = Release|Any CPU
		{47500095-5016-4851-8FC4-B69446DBE3E7}.Debug|Any CPU.ActiveCfg = Debug|Any CPU
		{47500095-5016-4851-8FC4-B69446DBE3E7}.Debug|Any CPU.Build.0 = Debug|Any CPU
		{47500095-5016-4851-8FC4-B69446DBE3E7}.Release|Any CPU.ActiveCfg = Release|Any CPU
		{47500095-5016-4851-8FC4-B69446DBE3E7}.Release|Any CPU.Build.0 = Release|Any CPU
	EndGlobalSection
	GlobalSection(SolutionProperties) = preSolution
		HideSolutionNode = FALSE
	EndGlobalSection
	GlobalSection(NestedProjects) = preSolution
		{934DB1D8-F9D5-4EB9-9D10-4EADFED1E7A9} = {24B822BA-6864-4E09-9167-9D95791DEF59}
		{2CACA2B8-07AF-4E3F-961A-6F0019EAD5C7} = {24B822BA-6864-4E09-9167-9D95791DEF59}
		{2032656C-E09B-47DC-A56A-3C67D3777FC8} = {24B822BA-6864-4E09-9167-9D95791DEF59}
		{CC2F32CE-82FE-4846-99AC-6B83F0899D37} = {24B822BA-6864-4E09-9167-9D95791DEF59}
		{47500095-5016-4851-8FC4-B69446DBE3E7} = {CC2F32CE-82FE-4846-99AC-6B83F0899D37}
	EndGlobalSection
	GlobalSection(ExtensibilityGlobals) = postSolution
		SolutionGuid = {A2AA52D6-C738-4936-8173-E6F3F5B2D61C}
	EndGlobalSection
EndGlobal
